
Microsoft Visual Studio Solution File, Format Version 12.00
# Visual Studio 15
VisualStudioVersion = 15.0.27130.2036
MinimumVisualStudioVersion = 10.0.40219.1
Project("{FAE04EC0-301F-11D3-BF4B-00C04F79EFBC}") = "Multas", "Multas\Multas.csproj", "{A8885FED-53A6-4BDB-A53F-C676BAD4447E}"
EndProject
Global
	GlobalSection(SolutionConfigurationPlatforms) = preSolution
		Debug|Any CPU = Debug|Any CPU
		Release|Any CPU = Release|Any CPU
	EndGlobalSection
	GlobalSection(ProjectConfigurationPlatforms) = postSolution
		{A8885FED-53A6-4BDB-A53F-C676BAD4447E}.Debug|Any CPU.ActiveCfg = Debug|Any CPU
		{A8885FED-53A6-4BDB-A53F-C676BAD4447E}.Debug|Any CPU.Build.0 = Debug|Any CPU
		{A8885FED-53A6-4BDB-A53F-C676BAD4447E}.Release|Any CPU.ActiveCfg = Release|Any CPU
		{A8885FED-53A6-4BDB-A53F-C676BAD4447E}.Release|Any CPU.Build.0 = Release|Any CPU
	EndGlobalSection
	GlobalSection(SolutionProperties) = preSolution
		HideSolutionNode = FALSE
	EndGlobalSection
	GlobalSection(ExtensibilityGlobals) = postSolution
		SolutionGuid = {17914C0D-C7EC-42CC-9EA0-76161B503252}
	EndGlobalSection
EndGlobal
